
Microsoft Visual Studio Solution File, Format Version 12.00
# Visual Studio Version 17
VisualStudioVersion = 17.11.35208.52
MinimumVisualStudioVersion = 10.0.40219.1
Project("{9A19103F-16F7-4668-BE54-9A1E7A4F7556}") = "Concs.Api", "Concs.Api\Concs.Api.csproj", "{AF97A570-A838-406B-B36E-165AA6188C60}"
EndProject
Project("{9A19103F-16F7-4668-BE54-9A1E7A4F7556}") = "Concs.Dominio", "Concs.Dominio\Concs.Dominio.csproj", "{D8FB4C35-CB07-41EB-B6EA-30BD225C052A}"
EndProject
Project("{9A19103F-16F7-4668-BE54-9A1E7A4F7556}") = "Concs.Dados", "Concs.Dados\Concs.Dados.csproj", "{2F821D7E-9DA8-4A21-9D08-BC3CCC8CECC2}"
EndProject
Project("{9A19103F-16F7-4668-BE54-9A1E7A4F7556}") = "Concs.Negocio", "Concs.Negocio\Concs.Negocio.csproj", "{5F533431-3C20-49B1-B803-C859203E41D8}"
EndProject
Project("{9A19103F-16F7-4668-BE54-9A1E7A4F7556}") = "Concs.Id", "Concs.Id\Concs.Id.csproj", "{71CA5262-794B-446F-AAD9-B8547406B4C5}"
EndProject
Project("{9A19103F-16F7-4668-BE54-9A1E7A4F7556}") = "Concs.Testes", "Concs.Testes\Concs.Testes.csproj", "{3917BEDA-64E7-4F91-8531-1F784F7E6CA0}"
EndProject
Project("{9A19103F-16F7-4668-BE54-9A1E7A4F7556}") = "Concs.Web", "Concs.Web\Concs.Web.csproj", "{9931D16D-A8CF-4AE3-9942-12549CB1C1A3}"
EndProject
Global
	GlobalSection(SolutionConfigurationPlatforms) = preSolution
		Debug|Any CPU = Debug|Any CPU
		Release|Any CPU = Release|Any CPU
	EndGlobalSection
	GlobalSection(ProjectConfigurationPlatforms) = postSolution
		{AF97A570-A838-406B-B36E-165AA6188C60}.Debug|Any CPU.ActiveCfg = Debug|Any CPU
		{AF97A570-A838-406B-B36E-165AA6188C60}.Debug|Any CPU.Build.0 = Debug|Any CPU
		{AF97A570-A838-406B-B36E-165AA6188C60}.Release|Any CPU.ActiveCfg = Release|Any CPU
		{AF97A570-A838-406B-B36E-165AA6188C60}.Release|Any CPU.Build.0 = Release|Any CPU
		{D8FB4C35-CB07-41EB-B6EA-30BD225C052A}.Debug|Any CPU.ActiveCfg = Debug|Any CPU
		{D8FB4C35-CB07-41EB-B6EA-30BD225C052A}.Debug|Any CPU.Build.0 = Debug|Any CPU
		{D8FB4C35-CB07-41EB-B6EA-30BD225C052A}.Release|Any CPU.ActiveCfg = Release|Any CPU
		{D8FB4C35-CB07-41EB-B6EA-30BD225C052A}.Release|Any CPU.Build.0 = Release|Any CPU
		{2F821D7E-9DA8-4A21-9D08-BC3CCC8CECC2}.Debug|Any CPU.ActiveCfg = Debug|Any CPU
		{2F821D7E-9DA8-4A21-9D08-BC3CCC8CECC2}.Debug|Any CPU.Build.0 = Debug|Any CPU
		{2F821D7E-9DA8-4A21-9D08-BC3CCC8CECC2}.Release|Any CPU.ActiveCfg = Release|Any CPU
		{2F821D7E-9DA8-4A21-9D08-BC3CCC8CECC2}.Release|Any CPU.Build.0 = Release|Any CPU
		{5F533431-3C20-49B1-B803-C859203E41D8}.Debug|Any CPU.ActiveCfg = Debug|Any CPU
		{5F533431-3C20-49B1-B803-C859203E41D8}.Debug|Any CPU.Build.0 = Debug|Any CPU
		{5F533431-3C20-49B1-B803-C859203E41D8}.Release|Any CPU.ActiveCfg = Release|Any CPU
		{5F533431-3C20-49B1-B803-C859203E41D8}.Release|Any CPU.Build.0 = Release|Any CPU
		{71CA5262-794B-446F-AAD9-B8547406B4C5}.Debug|Any CPU.ActiveCfg = Debug|Any CPU
		{71CA5262-794B-446F-AAD9-B8547406B4C5}.Debug|Any CPU.Build.0 = Debug|Any CPU
		{71CA5262-794B-446F-AAD9-B8547406B4C5}.Release|Any CPU.ActiveCfg = Release|Any CPU
		{71CA5262-794B-446F-AAD9-B8547406B4C5}.Release|Any CPU.Build.0 = Release|Any CPU
		{3917BEDA-64E7-4F91-8531-1F784F7E6CA0}.Debug|Any CPU.ActiveCfg = Debug|Any CPU
		{3917BEDA-64E7-4F91-8531-1F784F7E6CA0}.Debug|Any CPU.Build.0 = Debug|Any CPU
		{3917BEDA-64E7-4F91-8531-1F784F7E6CA0}.Release|Any CPU.ActiveCfg = Release|Any CPU
		{3917BEDA-64E7-4F91-8531-1F784F7E6CA0}.Release|Any CPU.Build.0 = Release|Any CPU
		{9931D16D-A8CF-4AE3-9942-12549CB1C1A3}.Debug|Any CPU.ActiveCfg = Debug|Any CPU
		{9931D16D-A8CF-4AE3-9942-12549CB1C1A3}.Debug|Any CPU.Build.0 = Debug|Any CPU
		{9931D16D-A8CF-4AE3-9942-12549CB1C1A3}.Release|Any CPU.ActiveCfg = Release|Any CPU
		{9931D16D-A8CF-4AE3-9942-12549CB1C1A3}.Release|Any CPU.Build.0 = Release|Any CPU
	EndGlobalSection
	GlobalSection(SolutionProperties) = preSolution
		HideSolutionNode = FALSE
	EndGlobalSection
	GlobalSection(ExtensibilityGlobals) = postSolution
		SolutionGuid = {02EEF1AF-A68D-434C-BA0A-40E0E92B5F34}
	EndGlobalSection
EndGlobal
